
Microsoft Visual Studio Solution File, Format Version 12.00
# Visual Studio Version 16
VisualStudioVersion = 16.0.31702.278
MinimumVisualStudioVersion = 10.0.40219.1
Project("{FAE04EC0-301F-11D3-BF4B-00C04F79EFBC}") = "AdventOfCode2021", "AdventOfCode2021.csproj", "{B10FDB2B-3866-4167-A5D7-55C8DFAD12B3}"
EndProject
Global
	GlobalSection(SolutionConfigurationPlatforms) = preSolution
		Debug|Any CPU = Debug|Any CPU
		Release|Any CPU = Release|Any CPU
	EndGlobalSection
	GlobalSection(ProjectConfigurationPlatforms) = postSolution
		{B10FDB2B-3866-4167-A5D7-55C8DFAD12B3}.Debug|Any CPU.ActiveCfg = Debug|Any CPU
		{B10FDB2B-3866-4167-A5D7-55C8DFAD12B3}.Debug|Any CPU.Build.0 = Debug|Any CPU
		{B10FDB2B-3866-4167-A5D7-55C8DFAD12B3}.Release|Any CPU.ActiveCfg = Release|Any CPU
		{B10FDB2B-3866-4167-A5D7-55C8DFAD12B3}.Release|Any CPU.Build.0 = Release|Any CPU
	EndGlobalSection
	GlobalSection(SolutionProperties) = preSolution
		HideSolutionNode = FALSE
	EndGlobalSection
	GlobalSection(ExtensibilityGlobals) = postSolution
		SolutionGuid = {F49E186F-C9F3-45D8-9F9E-6AFB6C4B90A9}
	EndGlobalSection
EndGlobal
